{
  "name": "weatherinfo",
  "version": "0.1.0",
  "lockfileVersion": 1,
  "requires": true,
  "dependencies": {
    "captain-icons": {
      "version": "0.2.0",
      "resolved": "https://registry.npmjs.org/captain-icons/-/captain-icons-0.2.0.tgz",
      "integrity": "sha512-oaSmEPKyA0TdyRoJRary+on4TDYMBTiqEetPkSKBP6SjjUgHGORcGTupUgZu6rssgAoRo9bLIjh41zJlhsFaTQ=="
    }
  }
}
